
Microsoft Visual Studio Solution File, Format Version 12.00
# Visual Studio 15
VisualStudioVersion = 15.0.28307.329
MinimumVisualStudioVersion = 10.0.40219.1
Project("{FAE04EC0-301F-11D3-BF4B-00C04F79EFBC}") = "Porcentaje", "Porcentaje\Porcentaje.csproj", "{E85EE0C1-6A61-429C-84B0-6534418342BC}"
EndProject
Global
	GlobalSection(SolutionConfigurationPlatforms) = preSolution
		Debug|Any CPU = Debug|Any CPU
		Release|Any CPU = Release|Any CPU
	EndGlobalSection
	GlobalSection(ProjectConfigurationPlatforms) = postSolution
		{E85EE0C1-6A61-429C-84B0-6534418342BC}.Debug|Any CPU.ActiveCfg = Debug|Any CPU
		{E85EE0C1-6A61-429C-84B0-6534418342BC}.Debug|Any CPU.Build.0 = Debug|Any CPU
		{E85EE0C1-6A61-429C-84B0-6534418342BC}.Release|Any CPU.ActiveCfg = Release|Any CPU
		{E85EE0C1-6A61-429C-84B0-6534418342BC}.Release|Any CPU.Build.0 = Release|Any CPU
	EndGlobalSection
	GlobalSection(SolutionProperties) = preSolution
		HideSolutionNode = FALSE
	EndGlobalSection
	GlobalSection(ExtensibilityGlobals) = postSolution
		SolutionGuid = {4D2FBDAC-2D3E-430A-B847-223B4E6F2D0A}
	EndGlobalSection
EndGlobal
